<?xml version="1.0" encoding="utf-8"?>
<Project ToolsVersion="4.0" xmlns="http://schemas.microsoft.com/developer/msbuild/2003">
  <ItemGroup>
    <Filter Include="Source Files">
      <UniqueIdentifier>{2ed7a83a-2243-46e5-ab9b-3e34b9ae7ac0}</UniqueIdentifier>
      <Extensions>cpp;c;cxx;rc;def;r;odl;idl;hpj;bat</Extensions>
    </Filter>
    <Filter Include="Header Files">
      <UniqueIdentifier>{118f0289-d0c2-4e96-97d1-ad499c08e066}</UniqueIdentifier>
      <Extensions>h;hpp;hxx;hm;inl</Extensions>
    </Filter>
    <Filter Include="Resource Files">
      <UniqueIdentifier>{6c52bde3-e38e-4d3f-b2bc-0f47d44bf4ee}</UniqueIdentifier>
      <Extensions>ico;cur;bmp;dlg;rc2;rct;bin;rgs;gif;jpg;jpeg;jpe</Extensions>
    </Filter>
    <Filter Include="XTAPI">
      <UniqueIdentifier>{45d7f9e0-e13b-4dd8-b9f1-ecc6aa7a009e}</UniqueIdentifier>
    </Filter>
  </ItemGroup>
  <ItemGroup>
    <ClCompile Include="StdAfx.cpp">
      <Filter>Source Files</Filter>
    </ClCompile>
    <ClCompile Include="ServerModeDialog.cpp">
      <Filter>Source Files</Filter>
    </ClCompile>
    <ClCompile Include="ServerMode.cpp">
      <Filter>Source Files</Filter>
    </ClCompile>
    <ClCompile Include="XTAPI\OrderSetNotifySink.cpp">
      <Filter>XTAPI</Filter>
    </ClCompile>
  </ItemGroup>
  <ItemGroup>
    <ClInclude Include="Resource.h">
      <Filter>Header Files</Filter>
    </ClInclude>
    <ClInclude Include="StdAfx.h">
      <Filter>Header Files</Filter>
    </ClInclude>
    <ClInclude Include="ServerModeDialog.h">
      <Filter>Header Files</Filter>
    </ClInclude>
    <ClInclude Include="ServerMode.h">
      <Filter>Header Files</Filter>
    </ClInclude>
    <ClInclude Include="XTAPI\OrderSetNotifySink.h">
      <Filter>XTAPI</Filter>
    </ClInclude>
  </ItemGroup>
  <ItemGroup>
    <None Include="res\ServerMode.rc2">
      <Filter>Resource Files</Filter>
    </None>
    <None Include="res\ServerMode.ico">
      <Filter>Resource Files</Filter>
    </None>
    <None Include="README.txt" />
  </ItemGroup>
  <ItemGroup>
    <ResourceCompile Include="ServerMode.rc">
      <Filter>Source Files</Filter>
    </ResourceCompile>
  </ItemGroup>
</Project>