Microsoft Visual Studio Solution File, Format Version 11.00
# Visual Studio 2010
Project("{2150E333-8FDC-42A3-9474-1A3956D46DE8}") = "01-05 Prices", "01-05 Prices", "{165CE69D-ECE3-40AF-8A07-7A1D6FBCE993}"
EndProject
Project("{8BC9CEB8-8B4A-11D0-8D11-00A0C91BC942}") = "01_PriceUpdateDragDrop", "XTAPI\C++\PriceUpdateDragDrop\PriceUpdateDragDrop.vcxproj", "{45B61E98-9326-461F-BC32-EAF08C5F472E}"
EndProject
Project("{8BC9CEB8-8B4A-11D0-8D11-00A0C91BC942}") = "02_PriceUpdateManual", "XTAPI\C++\PriceUpdateManual\PriceUpdateManual.vcxproj", "{1C3F26EE-9C2A-47BF-B765-45B9DC1E9C31}"
EndProject
Project("{8BC9CEB8-8B4A-11D0-8D11-00A0C91BC942}") = "03_PriceUpdateMultiple", "XTAPI\C++\PriceUpdateMultiple\PriceUpdateMultiple.vcxproj", "{2ADDAEDB-353E-4150-B450-F8E842883800}"
EndProject
Project("{8BC9CEB8-8B4A-11D0-8D11-00A0C91BC942}") = "04_PriceUpdateDepth", "XTAPI\C++\PriceUpdateDepth\PriceUpdateDepth.vcxproj", "{A4977FAA-09D7-4909-A5A0-B6F48F3397AE}"
EndProject
Project("{8BC9CEB8-8B4A-11D0-8D11-00A0C91BC942}") = "05_TimeAndSales", "XTAPI\C++\TimeAndSales\TimeAndSales.vcxproj", "{96F2980D-672E-4E9B-B2FB-4BAB9810EB12}"
EndProject
Project("{2150E333-8FDC-42A3-9474-1A3956D46DE8}") = "06-11 Orders and Fills", "06-11 Orders and Fills", "{A028A172-75FC-4F2C-AE83-ACEECE77E5A7}"
EndProject
Project("{8BC9CEB8-8B4A-11D0-8D11-00A0C91BC942}") = "06_SubmitOrder", "XTAPI\C++\SubmitOrder\SubmitOrder.vcxproj", "{915415ED-BFA4-4921-8957-BECBDCB58181}"
EndProject
Project("{8BC9CEB8-8B4A-11D0-8D11-00A0C91BC942}") = "07_ModifyOrder", "XTAPI\C++\ModifyOrder\ModifyOrder.vcxproj", "{82857E23-5227-4D8D-97D7-2DA85251346B}"
EndProject
Project("{8BC9CEB8-8B4A-11D0-8D11-00A0C91BC942}") = "08_OrderUpdate", "XTAPI\C++\OrderUpdate\OrderUpdate.vcxproj", "{A664EB8D-B781-4FEC-8717-4295C93CC082}"
EndProject
Project("{8BC9CEB8-8B4A-11D0-8D11-00A0C91BC942}") = "09_FillUpdate", "XTAPI\C++\FillUpdate\FillUpdate.vcxproj", "{4FFDCFDB-400F-445F-BDE2-D3CFD66A9185}"
EndProject
Project("{8BC9CEB8-8B4A-11D0-8D11-00A0C91BC942}") = "10_OrderSelector", "XTAPI\C++\OrderSelector\OrderSelector.vcxproj", "{2554D283-C9E6-4937-B347-E50F91EBCC1D}"
EndProject
Project("{8BC9CEB8-8B4A-11D0-8D11-00A0C91BC942}") = "11_ProfitLoss", "XTAPI\C++\ProfitLoss\ProfitLoss.vcxproj", "{7A389030-70DC-4E0F-B4D4-38D181E318F2}"
EndProject
Project("{2150E333-8FDC-42A3-9474-1A3956D46DE8}") = "12-14 Miscellaneous", "12-14 Miscellaneous", "{A1CF22D0-2C74-4B1F-B000-7FF7CD599104}"
EndProject
Project("{8BC9CEB8-8B4A-11D0-8D11-00A0C91BC942}") = "12_MonitorGateways", "XTAPI\C++\MonitorGateways\MonitorGateways.vcxproj", "{25AFB18F-9701-443E-B012-E96A922420C2}"
EndProject
Project("{8BC9CEB8-8B4A-11D0-8D11-00A0C91BC942}") = "13_ServerMode", "XTAPI\C++\ServerMode\ServerMode.vcxproj", "{F7811431-9356-4308-9F9E-81E299A829C6}"
EndProject
Project("{8BC9CEB8-8B4A-11D0-8D11-00A0C91BC942}") = "14_MEAPI", "XTAPI\C++\MEAPI\MEAPI.vcxproj", "{D150AB25-41A3-483E-96BA-FEAAB6F6E533}"
EndProject
Global
	GlobalSection(SolutionConfigurationPlatforms) = preSolution
		Debug|Itanium = Debug|Itanium
		Debug|Win32 = Debug|Win32
		Release|Itanium = Release|Itanium
		Release|Win32 = Release|Win32
		Template|Itanium = Template|Itanium
		Template|Win32 = Template|Win32
	EndGlobalSection
	GlobalSection(ProjectConfigurationPlatforms) = postSolution
		{45B61E98-9326-461F-BC32-EAF08C5F472E}.Debug|Itanium.ActiveCfg = Debug|Itanium
		{45B61E98-9326-461F-BC32-EAF08C5F472E}.Debug|Itanium.Build.0 = Debug|Itanium
		{45B61E98-9326-461F-BC32-EAF08C5F472E}.Debug|Win32.ActiveCfg = Debug|Win32
		{45B61E98-9326-461F-BC32-EAF08C5F472E}.Debug|Win32.Build.0 = Debug|Win32
		{45B61E98-9326-461F-BC32-EAF08C5F472E}.Release|Itanium.ActiveCfg = Release|Itanium
		{45B61E98-9326-461F-BC32-EAF08C5F472E}.Release|Itanium.Build.0 = Release|Itanium
		{45B61E98-9326-461F-BC32-EAF08C5F472E}.Release|Win32.ActiveCfg = Release|Win32
		{45B61E98-9326-461F-BC32-EAF08C5F472E}.Release|Win32.Build.0 = Release|Win32
		{45B61E98-9326-461F-BC32-EAF08C5F472E}.Template|Itanium.ActiveCfg = Template|Itanium
		{45B61E98-9326-461F-BC32-EAF08C5F472E}.Template|Itanium.Build.0 = Template|Itanium
		{45B61E98-9326-461F-BC32-EAF08C5F472E}.Template|Win32.ActiveCfg = Template|Win32
		{45B61E98-9326-461F-BC32-EAF08C5F472E}.Template|Win32.Build.0 = Template|Win32
		{1C3F26EE-9C2A-47BF-B765-45B9DC1E9C31}.Debug|Itanium.ActiveCfg = Debug|Win32
		{1C3F26EE-9C2A-47BF-B765-45B9DC1E9C31}.Debug|Win32.ActiveCfg = Debug|Win32
		{1C3F26EE-9C2A-47BF-B765-45B9DC1E9C31}.Debug|Win32.Build.0 = Debug|Win32
		{1C3F26EE-9C2A-47BF-B765-45B9DC1E9C31}.Release|Itanium.ActiveCfg = Release|Win32
		{1C3F26EE-9C2A-47BF-B765-45B9DC1E9C31}.Release|Win32.ActiveCfg = Release|Win32
		{1C3F26EE-9C2A-47BF-B765-45B9DC1E9C31}.Release|Win32.Build.0 = Release|Win32
		{1C3F26EE-9C2A-47BF-B765-45B9DC1E9C31}.Template|Itanium.ActiveCfg = Template|Win32
		{1C3F26EE-9C2A-47BF-B765-45B9DC1E9C31}.Template|Win32.ActiveCfg = Template|Win32
		{1C3F26EE-9C2A-47BF-B765-45B9DC1E9C31}.Template|Win32.Build.0 = Template|Win32
		{2ADDAEDB-353E-4150-B450-F8E842883800}.Debug|Itanium.ActiveCfg = Debug|Win32
		{2ADDAEDB-353E-4150-B450-F8E842883800}.Debug|Win32.ActiveCfg = Debug|Win32
		{2ADDAEDB-353E-4150-B450-F8E842883800}.Debug|Win32.Build.0 = Debug|Win32
		{2ADDAEDB-353E-4150-B450-F8E842883800}.Release|Itanium.ActiveCfg = Release|Win32
		{2ADDAEDB-353E-4150-B450-F8E842883800}.Release|Win32.ActiveCfg = Release|Win32
		{2ADDAEDB-353E-4150-B450-F8E842883800}.Release|Win32.Build.0 = Release|Win32
		{2ADDAEDB-353E-4150-B450-F8E842883800}.Template|Itanium.ActiveCfg = Template|Win32
		{2ADDAEDB-353E-4150-B450-F8E842883800}.Template|Win32.ActiveCfg = Template|Win32
		{2ADDAEDB-353E-4150-B450-F8E842883800}.Template|Win32.Build.0 = Template|Win32
		{A4977FAA-09D7-4909-A5A0-B6F48F3397AE}.Debug|Itanium.ActiveCfg = Debug|Win32
		{A4977FAA-09D7-4909-A5A0-B6F48F3397AE}.Debug|Win32.ActiveCfg = Debug|Win32
		{A4977FAA-09D7-4909-A5A0-B6F48F3397AE}.Debug|Win32.Build.0 = Debug|Win32
		{A4977FAA-09D7-4909-A5A0-B6F48F3397AE}.Release|Itanium.ActiveCfg = Release|Win32
		{A4977FAA-09D7-4909-A5A0-B6F48F3397AE}.Release|Win32.ActiveCfg = Release|Win32
		{A4977FAA-09D7-4909-A5A0-B6F48F3397AE}.Release|Win32.Build.0 = Release|Win32
		{A4977FAA-09D7-4909-A5A0-B6F48F3397AE}.Template|Itanium.ActiveCfg = Template|Win32
		{A4977FAA-09D7-4909-A5A0-B6F48F3397AE}.Template|Win32.ActiveCfg = Template|Win32
		{A4977FAA-09D7-4909-A5A0-B6F48F3397AE}.Template|Win32.Build.0 = Template|Win32
		{96F2980D-672E-4E9B-B2FB-4BAB9810EB12}.Debug|Itanium.ActiveCfg = Debug|Win32
		{96F2980D-672E-4E9B-B2FB-4BAB9810EB12}.Debug|Win32.ActiveCfg = Debug|Win32
		{96F2980D-672E-4E9B-B2FB-4BAB9810EB12}.Debug|Win32.Build.0 = Debug|Win32
		{96F2980D-672E-4E9B-B2FB-4BAB9810EB12}.Release|Itanium.ActiveCfg = Release|Win32
		{96F2980D-672E-4E9B-B2FB-4BAB9810EB12}.Release|Win32.ActiveCfg = Release|Win32
		{96F2980D-672E-4E9B-B2FB-4BAB9810EB12}.Release|Win32.Build.0 = Release|Win32
		{96F2980D-672E-4E9B-B2FB-4BAB9810EB12}.Template|Itanium.ActiveCfg = Template|Win32
		{96F2980D-672E-4E9B-B2FB-4BAB9810EB12}.Template|Win32.ActiveCfg = Template|Win32
		{96F2980D-672E-4E9B-B2FB-4BAB9810EB12}.Template|Win32.Build.0 = Template|Win32
		{915415ED-BFA4-4921-8957-BECBDCB58181}.Debug|Itanium.ActiveCfg = Debug|Win32
		{915415ED-BFA4-4921-8957-BECBDCB58181}.Debug|Win32.ActiveCfg = Debug|Win32
		{915415ED-BFA4-4921-8957-BECBDCB58181}.Debug|Win32.Build.0 = Debug|Win32
		{915415ED-BFA4-4921-8957-BECBDCB58181}.Release|Itanium.ActiveCfg = Release|Win32
		{915415ED-BFA4-4921-8957-BECBDCB58181}.Release|Win32.ActiveCfg = Release|Win32
		{915415ED-BFA4-4921-8957-BECBDCB58181}.Release|Win32.Build.0 = Release|Win32
		{915415ED-BFA4-4921-8957-BECBDCB58181}.Template|Itanium.ActiveCfg = Template|Win32
		{915415ED-BFA4-4921-8957-BECBDCB58181}.Template|Win32.ActiveCfg = Template|Win32
		{915415ED-BFA4-4921-8957-BECBDCB58181}.Template|Win32.Build.0 = Template|Win32
		{82857E23-5227-4D8D-97D7-2DA85251346B}.Debug|Itanium.ActiveCfg = Debug|Win32
		{82857E23-5227-4D8D-97D7-2DA85251346B}.Debug|Win32.ActiveCfg = Debug|Win32
		{82857E23-5227-4D8D-97D7-2DA85251346B}.Debug|Win32.Build.0 = Debug|Win32
		{82857E23-5227-4D8D-97D7-2DA85251346B}.Release|Itanium.ActiveCfg = Release|Win32
		{82857E23-5227-4D8D-97D7-2DA85251346B}.Release|Win32.ActiveCfg = Release|Win32
		{82857E23-5227-4D8D-97D7-2DA85251346B}.Release|Win32.Build.0 = Release|Win32
		{82857E23-5227-4D8D-97D7-2DA85251346B}.Template|Itanium.ActiveCfg = Template|Win32
		{82857E23-5227-4D8D-97D7-2DA85251346B}.Template|Win32.ActiveCfg = Template|Win32
		{82857E23-5227-4D8D-97D7-2DA85251346B}.Template|Win32.Build.0 = Template|Win32
		{A664EB8D-B781-4FEC-8717-4295C93CC082}.Debug|Itanium.ActiveCfg = Debug|Win32
		{A664EB8D-B781-4FEC-8717-4295C93CC082}.Debug|Win32.ActiveCfg = Debug|Win32
		{A664EB8D-B781-4FEC-8717-4295C93CC082}.Debug|Win32.Build.0 = Debug|Win32
		{A664EB8D-B781-4FEC-8717-4295C93CC082}.Release|Itanium.ActiveCfg = Release|Win32
		{A664EB8D-B781-4FEC-8717-4295C93CC082}.Release|Win32.ActiveCfg = Release|Win32
		{A664EB8D-B781-4FEC-8717-4295C93CC082}.Release|Win32.Build.0 = Release|Win32
		{A664EB8D-B781-4FEC-8717-4295C93CC082}.Template|Itanium.ActiveCfg = Template|Win32
		{A664EB8D-B781-4FEC-8717-4295C93CC082}.Template|Win32.ActiveCfg = Template|Win32
		{A664EB8D-B781-4FEC-8717-4295C93CC082}.Template|Win32.Build.0 = Template|Win32
		{4FFDCFDB-400F-445F-BDE2-D3CFD66A9185}.Debug|Itanium.ActiveCfg = Debug|Win32
		{4FFDCFDB-400F-445F-BDE2-D3CFD66A9185}.Debug|Win32.ActiveCfg = Debug|Win32
		{4FFDCFDB-400F-445F-BDE2-D3CFD66A9185}.Debug|Win32.Build.0 = Debug|Win32
		{4FFDCFDB-400F-445F-BDE2-D3CFD66A9185}.Release|Itanium.ActiveCfg = Release|Win32
		{4FFDCFDB-400F-445F-BDE2-D3CFD66A9185}.Release|Win32.ActiveCfg = Release|Win32
		{4FFDCFDB-400F-445F-BDE2-D3CFD66A9185}.Release|Win32.Build.0 = Release|Win32
		{4FFDCFDB-400F-445F-BDE2-D3CFD66A9185}.Template|Itanium.ActiveCfg = Release|Win32
		{4FFDCFDB-400F-445F-BDE2-D3CFD66A9185}.Template|Win32.ActiveCfg = Release|Win32
		{4FFDCFDB-400F-445F-BDE2-D3CFD66A9185}.Template|Win32.Build.0 = Release|Win32
		{2554D283-C9E6-4937-B347-E50F91EBCC1D}.Debug|Itanium.ActiveCfg = Debug|Win32
		{2554D283-C9E6-4937-B347-E50F91EBCC1D}.Debug|Win32.ActiveCfg = Debug|Win32
		{2554D283-C9E6-4937-B347-E50F91EBCC1D}.Debug|Win32.Build.0 = Debug|Win32
		{2554D283-C9E6-4937-B347-E50F91EBCC1D}.Release|Itanium.ActiveCfg = Release|Win32
		{2554D283-C9E6-4937-B347-E50F91EBCC1D}.Release|Win32.ActiveCfg = Release|Win32
		{2554D283-C9E6-4937-B347-E50F91EBCC1D}.Release|Win32.Build.0 = Release|Win32
		{2554D283-C9E6-4937-B347-E50F91EBCC1D}.Template|Itanium.ActiveCfg = Template|Win32
		{2554D283-C9E6-4937-B347-E50F91EBCC1D}.Template|Win32.ActiveCfg = Template|Win32
		{2554D283-C9E6-4937-B347-E50F91EBCC1D}.Template|Win32.Build.0 = Template|Win32
		{7A389030-70DC-4E0F-B4D4-38D181E318F2}.Debug|Itanium.ActiveCfg = Debug|Win32
		{7A389030-70DC-4E0F-B4D4-38D181E318F2}.Debug|Win32.ActiveCfg = Debug|Win32
		{7A389030-70DC-4E0F-B4D4-38D181E318F2}.Debug|Win32.Build.0 = Debug|Win32
		{7A389030-70DC-4E0F-B4D4-38D181E318F2}.Release|Itanium.ActiveCfg = Release|Win32
		{7A389030-70DC-4E0F-B4D4-38D181E318F2}.Release|Win32.ActiveCfg = Release|Win32
		{7A389030-70DC-4E0F-B4D4-38D181E318F2}.Release|Win32.Build.0 = Release|Win32
		{7A389030-70DC-4E0F-B4D4-38D181E318F2}.Template|Itanium.ActiveCfg = Template|Win32
		{7A389030-70DC-4E0F-B4D4-38D181E318F2}.Template|Win32.ActiveCfg = Template|Win32
		{7A389030-70DC-4E0F-B4D4-38D181E318F2}.Template|Win32.Build.0 = Template|Win32
		{25AFB18F-9701-443E-B012-E96A922420C2}.Debug|Itanium.ActiveCfg = Debug|Win32
		{25AFB18F-9701-443E-B012-E96A922420C2}.Debug|Win32.ActiveCfg = Debug|Win32
		{25AFB18F-9701-443E-B012-E96A922420C2}.Debug|Win32.Build.0 = Debug|Win32
		{25AFB18F-9701-443E-B012-E96A922420C2}.Release|Itanium.ActiveCfg = Release|Win32
		{25AFB18F-9701-443E-B012-E96A922420C2}.Release|Win32.ActiveCfg = Release|Win32
		{25AFB18F-9701-443E-B012-E96A922420C2}.Release|Win32.Build.0 = Release|Win32
		{25AFB18F-9701-443E-B012-E96A922420C2}.Template|Itanium.ActiveCfg = Template|Win32
		{25AFB18F-9701-443E-B012-E96A922420C2}.Template|Win32.ActiveCfg = Template|Win32
		{25AFB18F-9701-443E-B012-E96A922420C2}.Template|Win32.Build.0 = Template|Win32
		{F7811431-9356-4308-9F9E-81E299A829C6}.Debug|Itanium.ActiveCfg = Debug|Win32
		{F7811431-9356-4308-9F9E-81E299A829C6}.Debug|Win32.ActiveCfg = Debug|Win32
		{F7811431-9356-4308-9F9E-81E299A829C6}.Debug|Win32.Build.0 = Debug|Win32
		{F7811431-9356-4308-9F9E-81E299A829C6}.Release|Itanium.ActiveCfg = Release|Win32
		{F7811431-9356-4308-9F9E-81E299A829C6}.Release|Win32.ActiveCfg = Release|Win32
		{F7811431-9356-4308-9F9E-81E299A829C6}.Release|Win32.Build.0 = Release|Win32
		{F7811431-9356-4308-9F9E-81E299A829C6}.Template|Itanium.ActiveCfg = Template|Win32
		{F7811431-9356-4308-9F9E-81E299A829C6}.Template|Win32.ActiveCfg = Template|Win32
		{F7811431-9356-4308-9F9E-81E299A829C6}.Template|Win32.Build.0 = Template|Win32
		{D150AB25-41A3-483E-96BA-FEAAB6F6E533}.Debug|Itanium.ActiveCfg = Debug|Win32
		{D150AB25-41A3-483E-96BA-FEAAB6F6E533}.Debug|Win32.ActiveCfg = Debug|Win32
		{D150AB25-41A3-483E-96BA-FEAAB6F6E533}.Debug|Win32.Build.0 = Debug|Win32
		{D150AB25-41A3-483E-96BA-FEAAB6F6E533}.Release|Itanium.ActiveCfg = Release|Win32
		{D150AB25-41A3-483E-96BA-FEAAB6F6E533}.Release|Win32.ActiveCfg = Release|Win32
		{D150AB25-41A3-483E-96BA-FEAAB6F6E533}.Release|Win32.Build.0 = Release|Win32
		{D150AB25-41A3-483E-96BA-FEAAB6F6E533}.Template|Itanium.ActiveCfg = Template|Win32
		{D150AB25-41A3-483E-96BA-FEAAB6F6E533}.Template|Win32.ActiveCfg = Template|Win32
		{D150AB25-41A3-483E-96BA-FEAAB6F6E533}.Template|Win32.Build.0 = Template|Win32
	EndGlobalSection
	GlobalSection(SolutionProperties) = preSolution
		HideSolutionNode = FALSE
	EndGlobalSection
	GlobalSection(NestedProjects) = preSolution
		{45B61E98-9326-461F-BC32-EAF08C5F472E} = {165CE69D-ECE3-40AF-8A07-7A1D6FBCE993}
		{1C3F26EE-9C2A-47BF-B765-45B9DC1E9C31} = {165CE69D-ECE3-40AF-8A07-7A1D6FBCE993}
		{2ADDAEDB-353E-4150-B450-F8E842883800} = {165CE69D-ECE3-40AF-8A07-7A1D6FBCE993}
		{A4977FAA-09D7-4909-A5A0-B6F48F3397AE} = {165CE69D-ECE3-40AF-8A07-7A1D6FBCE993}
		{96F2980D-672E-4E9B-B2FB-4BAB9810EB12} = {165CE69D-ECE3-40AF-8A07-7A1D6FBCE993}
		{915415ED-BFA4-4921-8957-BECBDCB58181} = {A028A172-75FC-4F2C-AE83-ACEECE77E5A7}
		{82857E23-5227-4D8D-97D7-2DA85251346B} = {A028A172-75FC-4F2C-AE83-ACEECE77E5A7}
		{A664EB8D-B781-4FEC-8717-4295C93CC082} = {A028A172-75FC-4F2C-AE83-ACEECE77E5A7}
		{4FFDCFDB-400F-445F-BDE2-D3CFD66A9185} = {A028A172-75FC-4F2C-AE83-ACEECE77E5A7}
		{2554D283-C9E6-4937-B347-E50F91EBCC1D} = {A028A172-75FC-4F2C-AE83-ACEECE77E5A7}
		{7A389030-70DC-4E0F-B4D4-38D181E318F2} = {A028A172-75FC-4F2C-AE83-ACEECE77E5A7}
		{25AFB18F-9701-443E-B012-E96A922420C2} = {A1CF22D0-2C74-4B1F-B000-7FF7CD599104}
		{F7811431-9356-4308-9F9E-81E299A829C6} = {A1CF22D0-2C74-4B1F-B000-7FF7CD599104}
		{D150AB25-41A3-483E-96BA-FEAAB6F6E533} = {A1CF22D0-2C74-4B1F-B000-7FF7CD599104}
	EndGlobalSection
EndGlobal
