<?xml version="1.0" encoding="utf-8"?>
<Project ToolsVersion="4.0" xmlns="http://schemas.microsoft.com/developer/msbuild/2003">
  <ItemGroup>
    <Filter Include="Source Files">
      <UniqueIdentifier>{2af9d7a2-6674-48db-b27c-ea7ec92ed890}</UniqueIdentifier>
      <Extensions>cpp;c;cxx;rc;def;r;odl;idl;hpj;bat</Extensions>
    </Filter>
    <Filter Include="Header Files">
      <UniqueIdentifier>{3c2a0abe-4c3a-4826-8be8-8b0e0dabfdc6}</UniqueIdentifier>
      <Extensions>h;hpp;hxx;hm;inl</Extensions>
    </Filter>
    <Filter Include="Resource Files">
      <UniqueIdentifier>{e09c77f6-5e57-4e66-8050-e04468270c49}</UniqueIdentifier>
      <Extensions>ico;cur;bmp;dlg;rc2;rct;bin;rgs;gif;jpg;jpeg;jpe</Extensions>
    </Filter>
    <Filter Include="XTAPI">
      <UniqueIdentifier>{665fe580-cea6-4d21-84ad-10cc27a50833}</UniqueIdentifier>
    </Filter>
  </ItemGroup>
  <ItemGroup>
    <ClCompile Include="StdAfx.cpp">
      <Filter>Source Files</Filter>
    </ClCompile>
    <ClCompile Include="XTAPI\DropHandlerSink.cpp">
      <Filter>XTAPI</Filter>
    </ClCompile>
    <ClCompile Include="XTAPI\InstrNotifySink.cpp">
      <Filter>XTAPI</Filter>
    </ClCompile>
    <ClCompile Include="PriceUpdateMultiple.cpp">
      <Filter>Source Files</Filter>
    </ClCompile>
    <ClCompile Include="PriceUpdateMultipleDialog.cpp">
      <Filter>Source Files</Filter>
    </ClCompile>
  </ItemGroup>
  <ItemGroup>
    <ClInclude Include="Resource.h">
      <Filter>Header Files</Filter>
    </ClInclude>
    <ClInclude Include="StdAfx.h">
      <Filter>Header Files</Filter>
    </ClInclude>
    <ClInclude Include="XTAPI\DropHandlerSink.h">
      <Filter>XTAPI</Filter>
    </ClInclude>
    <ClInclude Include="XTAPI\InstrNotifySink.h">
      <Filter>XTAPI</Filter>
    </ClInclude>
    <ClInclude Include="PriceUpdateMultiple.h">
      <Filter>Header Files</Filter>
    </ClInclude>
    <ClInclude Include="PriceUpdateMultipleDialog.h">
      <Filter>Header Files</Filter>
    </ClInclude>
  </ItemGroup>
  <ItemGroup>
    <None Include="res\PriceUpdateMultiple.rc2">
      <Filter>Resource Files</Filter>
    </None>
    <None Include="res\PriceUpdateMultiple.ico">
      <Filter>Resource Files</Filter>
    </None>
    <None Include="README.txt" />
  </ItemGroup>
  <ItemGroup>
    <ResourceCompile Include="PriceUpdateMultiple.rc">
      <Filter>Source Files</Filter>
    </ResourceCompile>
  </ItemGroup>
</Project>