<?xml version="1.0" encoding="utf-8"?>
<Project ToolsVersion="4.0" xmlns="http://schemas.microsoft.com/developer/msbuild/2003">
  <ItemGroup>
    <Filter Include="Source Files">
      <UniqueIdentifier>{e787a3b8-6db2-4411-bee3-d69d8683f00e}</UniqueIdentifier>
      <Extensions>cpp;c;cxx;rc;def;r;odl;idl;hpj;bat</Extensions>
    </Filter>
    <Filter Include="Header Files">
      <UniqueIdentifier>{f014f74a-e2eb-4383-b28e-da5ce957dc11}</UniqueIdentifier>
      <Extensions>h;hpp;hxx;hm;inl</Extensions>
    </Filter>
    <Filter Include="Resource Files">
      <UniqueIdentifier>{329b1c11-fb25-4f85-a09d-413e5f1612a9}</UniqueIdentifier>
      <Extensions>ico;cur;bmp;dlg;rc2;rct;bin;rgs;gif;jpg;jpeg;jpe</Extensions>
    </Filter>
    <Filter Include="XTAPI">
      <UniqueIdentifier>{e664bafa-96b2-494b-b1a1-5ce04ef6c0bd}</UniqueIdentifier>
    </Filter>
  </ItemGroup>
  <ItemGroup>
    <ClCompile Include="StdAfx.cpp">
      <Filter>Source Files</Filter>
    </ClCompile>
    <ClCompile Include="XTAPI\DropHandlerSink.cpp">
      <Filter>XTAPI</Filter>
    </ClCompile>
    <ClCompile Include="XTAPI\InstrNotifySink.cpp">
      <Filter>XTAPI</Filter>
    </ClCompile>
    <ClCompile Include="TimeAndSalesDialog.cpp">
      <Filter>Source Files</Filter>
    </ClCompile>
    <ClCompile Include="TimeAndSales.cpp">
      <Filter>Source Files</Filter>
    </ClCompile>
  </ItemGroup>
  <ItemGroup>
    <ClInclude Include="Resource.h">
      <Filter>Header Files</Filter>
    </ClInclude>
    <ClInclude Include="StdAfx.h">
      <Filter>Header Files</Filter>
    </ClInclude>
    <ClInclude Include="XTAPI\DropHandlerSink.h">
      <Filter>XTAPI</Filter>
    </ClInclude>
    <ClInclude Include="XTAPI\InstrNotifySink.h">
      <Filter>XTAPI</Filter>
    </ClInclude>
    <ClInclude Include="TimeAndSalesDialog.h">
      <Filter>Header Files</Filter>
    </ClInclude>
    <ClInclude Include="TimeAndSales.h">
      <Filter>Header Files</Filter>
    </ClInclude>
  </ItemGroup>
  <ItemGroup>
    <None Include="res\TimeAndSales.rc2">
      <Filter>Resource Files</Filter>
    </None>
    <None Include="res\TimeAndSales.ico">
      <Filter>Resource Files</Filter>
    </None>
    <None Include="README.txt" />
  </ItemGroup>
  <ItemGroup>
    <ResourceCompile Include="TimeAndSales.rc">
      <Filter>Source Files</Filter>
    </ResourceCompile>
  </ItemGroup>
</Project>